// !$*UTF8*$!
{
	archiveVersion = 1;
	classes = {
	};
	objectVersion = 55;
	objects = {

/* Begin PBXBuildFile section */
		2811648A28B8D93A0000F453 /* AtomicInt.swift in Sources */ = {isa = PBXBuildFile; fileRef = 2811648928B8D93A0000F453 /* AtomicInt.swift */; };
		2811648C28BC64E40000F453 /* Sink.swift in Sources */ = {isa = PBXBuildFile; fileRef = 2811648B28BC64E40000F453 /* Sink.swift */; };
		281FE85128B869EF00110749 /* RxMutableBox.swift in Sources */ = {isa = PBXBuildFile; fileRef = 281FE85028B869EF00110749 /* RxMutableBox.swift */; };
		281FE85328B86A4E00110749 /* Queue.swift in Sources */ = {isa = PBXBuildFile; fileRef = 281FE85228B86A4E00110749 /* Queue.swift */; };
		281FE85528B86C0C00110749 /* Platform.Darwin.swift in Sources */ = {isa = PBXBuildFile; fileRef = 281FE85428B86C0C00110749 /* Platform.Darwin.swift */; };
		281FE85728B86ED400110749 /* ScheduledItemType.swift in Sources */ = {isa = PBXBuildFile; fileRef = 281FE85628B86ED400110749 /* ScheduledItemType.swift */; };
		281FE85928B86F0400110749 /* InvocableType.swift in Sources */ = {isa = PBXBuildFile; fileRef = 281FE85828B86F0400110749 /* InvocableType.swift */; };
		281FE85B28B89BCB00110749 /* ScheduledItem.swift in Sources */ = {isa = PBXBuildFile; fileRef = 281FE85A28B89BCB00110749 /* ScheduledItem.swift */; };
		28FD353428AE13B8001B6AB6 /* AppDelegate.swift in Sources */ = {isa = PBXBuildFile; fileRef = 28FD353328AE13B8001B6AB6 /* AppDelegate.swift */; };
		28FD353628AE13B8001B6AB6 /* SceneDelegate.swift in Sources */ = {isa = PBXBuildFile; fileRef = 28FD353528AE13B8001B6AB6 /* SceneDelegate.swift */; };
		28FD353828AE13B8001B6AB6 /* ViewController.swift in Sources */ = {isa = PBXBuildFile; fileRef = 28FD353728AE13B8001B6AB6 /* ViewController.swift */; };
		28FD353B28AE13B8001B6AB6 /* Main.storyboard in Resources */ = {isa = PBXBuildFile; fileRef = 28FD353928AE13B8001B6AB6 /* Main.storyboard */; };
		28FD353D28AE13BA001B6AB6 /* Assets.xcassets in Resources */ = {isa = PBXBuildFile; fileRef = 28FD353C28AE13BA001B6AB6 /* Assets.xcassets */; };
		28FD354028AE13BA001B6AB6 /* LaunchScreen.storyboard in Resources */ = {isa = PBXBuildFile; fileRef = 28FD353E28AE13BA001B6AB6 /* LaunchScreen.storyboard */; };
		28FD355328AE13DA001B6AB6 /* DisposeBase.swift in Sources */ = {isa = PBXBuildFile; fileRef = 28FD354728AE13DA001B6AB6 /* DisposeBase.swift */; };
		28FD355428AE13DA001B6AB6 /* Producer.swift in Sources */ = {isa = PBXBuildFile; fileRef = 28FD354828AE13DA001B6AB6 /* Producer.swift */; };
		28FD355528AE13DA001B6AB6 /* Disposables.swift in Sources */ = {isa = PBXBuildFile; fileRef = 28FD354928AE13DA001B6AB6 /* Disposables.swift */; };
		28FD355628AE13DA001B6AB6 /* Event.swift in Sources */ = {isa = PBXBuildFile; fileRef = 28FD354A28AE13DA001B6AB6 /* Event.swift */; };
		28FD355728AE13DA001B6AB6 /* ObservableConvertibleType.swift in Sources */ = {isa = PBXBuildFile; fileRef = 28FD354B28AE13DA001B6AB6 /* ObservableConvertibleType.swift */; };
		28FD355828AE13DA001B6AB6 /* Lock.swift in Sources */ = {isa = PBXBuildFile; fileRef = 28FD354C28AE13DA001B6AB6 /* Lock.swift */; };
		28FD355928AE13DA001B6AB6 /* ObservableType.swift in Sources */ = {isa = PBXBuildFile; fileRef = 28FD354D28AE13DA001B6AB6 /* ObservableType.swift */; };
		28FD355A28AE13DA001B6AB6 /* Disposable.swift in Sources */ = {isa = PBXBuildFile; fileRef = 28FD354E28AE13DA001B6AB6 /* Disposable.swift */; };
		28FD355B28AE13DA001B6AB6 /* AnyObserver.swift in Sources */ = {isa = PBXBuildFile; fileRef = 28FD354F28AE13DA001B6AB6 /* AnyObserver.swift */; };
		28FD355C28AE13DA001B6AB6 /* ObserverType.swift in Sources */ = {isa = PBXBuildFile; fileRef = 28FD355028AE13DA001B6AB6 /* ObserverType.swift */; };
		28FD355D28AE13DA001B6AB6 /* Observable.swift in Sources */ = {isa = PBXBuildFile; fileRef = 28FD355128AE13DA001B6AB6 /* Observable.swift */; };
		28FD355E28AE13DA001B6AB6 /* DisposeBag.swift in Sources */ = {isa = PBXBuildFile; fileRef = 28FD355228AE13DA001B6AB6 /* DisposeBag.swift */; };
		28FD356328AE498F001B6AB6 /* AnonymousObserver.swift in Sources */ = {isa = PBXBuildFile; fileRef = 28FD356228AE498F001B6AB6 /* AnonymousObserver.swift */; };
		28FD356528AE49BA001B6AB6 /* ObserverBase.swift in Sources */ = {isa = PBXBuildFile; fileRef = 28FD356428AE49BA001B6AB6 /* ObserverBase.swift */; };
		28FD356728AE4B2A001B6AB6 /* Cancelable.swift in Sources */ = {isa = PBXBuildFile; fileRef = 28FD356628AE4B2A001B6AB6 /* Cancelable.swift */; };
		28FD356928AE4BC8001B6AB6 /* BinaryDisposable.swift in Sources */ = {isa = PBXBuildFile; fileRef = 28FD356828AE4BC8001B6AB6 /* BinaryDisposable.swift */; };
		28FD356C28AF37D6001B6AB6 /* AnonymousDisposable.swift in Sources */ = {isa = PBXBuildFile; fileRef = 28FD356B28AF37D6001B6AB6 /* AnonymousDisposable.swift */; };
		28FD356E28AF3E78001B6AB6 /* Rx.swift in Sources */ = {isa = PBXBuildFile; fileRef = 28FD356D28AF3E78001B6AB6 /* Rx.swift */; };
		28FD357028AF3EDF001B6AB6 /* ObservableType+Extenstions.swift in Sources */ = {isa = PBXBuildFile; fileRef = 28FD356F28AF3EDF001B6AB6 /* ObservableType+Extenstions.swift */; };
		28FD357228AF7C9D001B6AB6 /* ImmediateSchedulerType.swift in Sources */ = {isa = PBXBuildFile; fileRef = 28FD357128AF7C9D001B6AB6 /* ImmediateSchedulerType.swift */; };
		28FD357428AF7D6E001B6AB6 /* CurrentThreadScheduler.swift in Sources */ = {isa = PBXBuildFile; fileRef = 28FD357328AF7D6E001B6AB6 /* CurrentThreadScheduler.swift */; };
/* End PBXBuildFile section */

/* Begin PBXFileReference section */
		2811648928B8D93A0000F453 /* AtomicInt.swift */ = {isa = PBXFileReference; lastKnownFileType = sourcecode.swift; path = AtomicInt.swift; sourceTree = "<group>"; };
		2811648B28BC64E40000F453 /* Sink.swift */ = {isa = PBXFileReference; lastKnownFileType = sourcecode.swift; path = Sink.swift; sourceTree = "<group>"; };
		281FE85028B869EF00110749 /* RxMutableBox.swift */ = {isa = PBXFileReference; lastKnownFileType = sourcecode.swift; path = RxMutableBox.swift; sourceTree = "<group>"; };
		281FE85228B86A4E00110749 /* Queue.swift */ = {isa = PBXFileReference; lastKnownFileType = sourcecode.swift; path = Queue.swift; sourceTree = "<group>"; };
		281FE85428B86C0C00110749 /* Platform.Darwin.swift */ = {isa = PBXFileReference; lastKnownFileType = sourcecode.swift; path = Platform.Darwin.swift; sourceTree = "<group>"; };
		281FE85628B86ED400110749 /* ScheduledItemType.swift */ = {isa = PBXFileReference; lastKnownFileType = sourcecode.swift; path = ScheduledItemType.swift; sourceTree = "<group>"; };
		281FE85828B86F0400110749 /* InvocableType.swift */ = {isa = PBXFileReference; lastKnownFileType = sourcecode.swift; path = InvocableType.swift; sourceTree = "<group>"; };
		281FE85A28B89BCB00110749 /* ScheduledItem.swift */ = {isa = PBXFileReference; lastKnownFileType = sourcecode.swift; path = ScheduledItem.swift; sourceTree = "<group>"; };
		28FD353028AE13B8001B6AB6 /* RxSwiftStudy.app */ = {isa = PBXFileReference; explicitFileType = wrapper.application; includeInIndex = 0; path = RxSwiftStudy.app; sourceTree = BUILT_PRODUCTS_DIR; };
		28FD353328AE13B8001B6AB6 /* AppDelegate.swift */ = {isa = PBXFileReference; lastKnownFileType = sourcecode.swift; path = AppDelegate.swift; sourceTree = "<group>"; };
		28FD353528AE13B8001B6AB6 /* SceneDelegate.swift */ = {isa = PBXFileReference; lastKnownFileType = sourcecode.swift; path = SceneDelegate.swift; sourceTree = "<group>"; };
		28FD353728AE13B8001B6AB6 /* ViewController.swift */ = {isa = PBXFileReference; lastKnownFileType = sourcecode.swift; path = ViewController.swift; sourceTree = "<group>"; };
		28FD353A28AE13B8001B6AB6 /* Base */ = {isa = PBXFileReference; lastKnownFileType = file.storyboard; name = Base; path = Base.lproj/Main.storyboard; sourceTree = "<group>"; };
		28FD353C28AE13BA001B6AB6 /* Assets.xcassets */ = {isa = PBXFileReference; lastKnownFileType = folder.assetcatalog; path = Assets.xcassets; sourceTree = "<group>"; };
		28FD353F28AE13BA001B6AB6 /* Base */ = {isa = PBXFileReference; lastKnownFileType = file.storyboard; name = Base; path = Base.lproj/LaunchScreen.storyboard; sourceTree = "<group>"; };
		28FD354128AE13BA001B6AB6 /* Info.plist */ = {isa = PBXFileReference; lastKnownFileType = text.plist.xml; path = Info.plist; sourceTree = "<group>"; };
		28FD354728AE13DA001B6AB6 /* DisposeBase.swift */ = {isa = PBXFileReference; fileEncoding = 4; lastKnownFileType = sourcecode.swift; path = DisposeBase.swift; sourceTree = "<group>"; };
		28FD354828AE13DA001B6AB6 /* Producer.swift */ = {isa = PBXFileReference; fileEncoding = 4; lastKnownFileType = sourcecode.swift; path = Producer.swift; sourceTree = "<group>"; };
		28FD354928AE13DA001B6AB6 /* Disposables.swift */ = {isa = PBXFileReference; fileEncoding = 4; lastKnownFileType = sourcecode.swift; path = Disposables.swift; sourceTree = "<group>"; };
		28FD354A28AE13DA001B6AB6 /* Event.swift */ = {isa = PBXFileReference; fileEncoding = 4; lastKnownFileType = sourcecode.swift; path = Event.swift; sourceTree = "<group>"; };
		28FD354B28AE13DA001B6AB6 /* ObservableConvertibleType.swift */ = {isa = PBXFileReference; fileEncoding = 4; lastKnownFileType = sourcecode.swift; path = ObservableConvertibleType.swift; sourceTree = "<group>"; };
		28FD354C28AE13DA001B6AB6 /* Lock.swift */ = {isa = PBXFileReference; fileEncoding = 4; lastKnownFileType = sourcecode.swift; path = Lock.swift; sourceTree = "<group>"; };
		28FD354D28AE13DA001B6AB6 /* ObservableType.swift */ = {isa = PBXFileReference; fileEncoding = 4; lastKnownFileType = sourcecode.swift; path = ObservableType.swift; sourceTree = "<group>"; };
		28FD354E28AE13DA001B6AB6 /* Disposable.swift */ = {isa = PBXFileReference; fileEncoding = 4; lastKnownFileType = sourcecode.swift; path = Disposable.swift; sourceTree = "<group>"; };
		28FD354F28AE13DA001B6AB6 /* AnyObserver.swift */ = {isa = PBXFileReference; fileEncoding = 4; lastKnownFileType = sourcecode.swift; path = AnyObserver.swift; sourceTree = "<group>"; };
		28FD355028AE13DA001B6AB6 /* ObserverType.swift */ = {isa = PBXFileReference; fileEncoding = 4; lastKnownFileType = sourcecode.swift; path = ObserverType.swift; sourceTree = "<group>"; };
		28FD355128AE13DA001B6AB6 /* Observable.swift */ = {isa = PBXFileReference; fileEncoding = 4; lastKnownFileType = sourcecode.swift; path = Observable.swift; sourceTree = "<group>"; };
		28FD355228AE13DA001B6AB6 /* DisposeBag.swift */ = {isa = PBXFileReference; fileEncoding = 4; lastKnownFileType = sourcecode.swift; path = DisposeBag.swift; sourceTree = "<group>"; };
		28FD356228AE498F001B6AB6 /* AnonymousObserver.swift */ = {isa = PBXFileReference; lastKnownFileType = sourcecode.swift; path = AnonymousObserver.swift; sourceTree = "<group>"; };
		28FD356428AE49BA001B6AB6 /* ObserverBase.swift */ = {isa = PBXFileReference; lastKnownFileType = sourcecode.swift; path = ObserverBase.swift; sourceTree = "<group>"; };
		28FD356628AE4B2A001B6AB6 /* Cancelable.swift */ = {isa = PBXFileReference; lastKnownFileType = sourcecode.swift; path = Cancelable.swift; sourceTree = "<group>"; };
		28FD356828AE4BC8001B6AB6 /* BinaryDisposable.swift */ = {isa = PBXFileReference; lastKnownFileType = sourcecode.swift; path = BinaryDisposable.swift; sourceTree = "<group>"; };
		28FD356B28AF37D6001B6AB6 /* AnonymousDisposable.swift */ = {isa = PBXFileReference; lastKnownFileType = sourcecode.swift; path = AnonymousDisposable.swift; sourceTree = "<group>"; };
		28FD356D28AF3E78001B6AB6 /* Rx.swift */ = {isa = PBXFileReference; lastKnownFileType = sourcecode.swift; path = Rx.swift; sourceTree = "<group>"; };
		28FD356F28AF3EDF001B6AB6 /* ObservableType+Extenstions.swift */ = {isa = PBXFileReference; lastKnownFileType = sourcecode.swift; path = "ObservableType+Extenstions.swift"; sourceTree = "<group>"; };
		28FD357128AF7C9D001B6AB6 /* ImmediateSchedulerType.swift */ = {isa = PBXFileReference; lastKnownFileType = sourcecode.swift; path = ImmediateSchedulerType.swift; sourceTree = "<group>"; };
		28FD357328AF7D6E001B6AB6 /* CurrentThreadScheduler.swift */ = {isa = PBXFileReference; lastKnownFileType = sourcecode.swift; path = CurrentThreadScheduler.swift; sourceTree = "<group>"; };
/* End PBXFileReference section */

/* Begin PBXFrameworksBuildPhase section */
		28FD352D28AE13B8001B6AB6 /* Frameworks */ = {
			isa = PBXFrameworksBuildPhase;
			buildActionMask = 2147483647;
			files = (
			);
			runOnlyForDeploymentPostprocessing = 0;
		};
/* End PBXFrameworksBuildPhase section */

/* Begin PBXGroup section */
		28FD352728AE13B8001B6AB6 = {
			isa = PBXGroup;
			children = (
				28FD353228AE13B8001B6AB6 /* RxSwiftStudy */,
				28FD353128AE13B8001B6AB6 /* Products */,
			);
			sourceTree = "<group>";
		};
		28FD353128AE13B8001B6AB6 /* Products */ = {
			isa = PBXGroup;
			children = (
				28FD353028AE13B8001B6AB6 /* RxSwiftStudy.app */,
			);
			name = Products;
			sourceTree = "<group>";
		};
		28FD353228AE13B8001B6AB6 /* RxSwiftStudy */ = {
			isa = PBXGroup;
			children = (
				28FD353328AE13B8001B6AB6 /* AppDelegate.swift */,
				28FD353528AE13B8001B6AB6 /* SceneDelegate.swift */,
				28FD353728AE13B8001B6AB6 /* ViewController.swift */,
				28FD353928AE13B8001B6AB6 /* Main.storyboard */,
				28FD353C28AE13BA001B6AB6 /* Assets.xcassets */,
				28FD353E28AE13BA001B6AB6 /* LaunchScreen.storyboard */,
				28FD354128AE13BA001B6AB6 /* Info.plist */,
				28FD354F28AE13DA001B6AB6 /* AnyObserver.swift */,
				28FD354E28AE13DA001B6AB6 /* Disposable.swift */,
				28FD354928AE13DA001B6AB6 /* Disposables.swift */,
				28FD355228AE13DA001B6AB6 /* DisposeBag.swift */,
				28FD354728AE13DA001B6AB6 /* DisposeBase.swift */,
				28FD354A28AE13DA001B6AB6 /* Event.swift */,
				28FD354C28AE13DA001B6AB6 /* Lock.swift */,
				28FD355128AE13DA001B6AB6 /* Observable.swift */,
				28FD354B28AE13DA001B6AB6 /* ObservableConvertibleType.swift */,
				28FD354D28AE13DA001B6AB6 /* ObservableType.swift */,
				28FD356F28AF3EDF001B6AB6 /* ObservableType+Extenstions.swift */,
				28FD355028AE13DA001B6AB6 /* ObserverType.swift */,
				28FD354828AE13DA001B6AB6 /* Producer.swift */,
				28FD356228AE498F001B6AB6 /* AnonymousObserver.swift */,
				28FD356B28AF37D6001B6AB6 /* AnonymousDisposable.swift */,
				28FD356428AE49BA001B6AB6 /* ObserverBase.swift */,
				28FD356628AE4B2A001B6AB6 /* Cancelable.swift */,
				28FD356828AE4BC8001B6AB6 /* BinaryDisposable.swift */,
				28FD356D28AF3E78001B6AB6 /* Rx.swift */,
				28FD357128AF7C9D001B6AB6 /* ImmediateSchedulerType.swift */,
				28FD357328AF7D6E001B6AB6 /* CurrentThreadScheduler.swift */,
				281FE85028B869EF00110749 /* RxMutableBox.swift */,
				281FE85228B86A4E00110749 /* Queue.swift */,
				281FE85428B86C0C00110749 /* Platform.Darwin.swift */,
				281FE85628B86ED400110749 /* ScheduledItemType.swift */,
				281FE85828B86F0400110749 /* InvocableType.swift */,
				281FE85A28B89BCB00110749 /* ScheduledItem.swift */,
				2811648928B8D93A0000F453 /* AtomicInt.swift */,
				2811648B28BC64E40000F453 /* Sink.swift */,
			);
			path = RxSwiftStudy;
			sourceTree = "<group>";
		};
/* End PBXGroup section */

/* Begin PBXNativeTarget section */
		28FD352F28AE13B8001B6AB6 /* RxSwiftStudy */ = {
			isa = PBXNativeTarget;
			buildConfigurationList = 28FD354428AE13BA001B6AB6 /* Build configuration list for PBXNativeTarget "RxSwiftStudy" */;
			buildPhases = (
				28FD352C28AE13B8001B6AB6 /* Sources */,
				28FD352D28AE13B8001B6AB6 /* Frameworks */,
				28FD352E28AE13B8001B6AB6 /* Resources */,
			);
			buildRules = (
			);
			dependencies = (
			);
			name = RxSwiftStudy;
			productName = RxSwiftStudy;
			productReference = 28FD353028AE13B8001B6AB6 /* RxSwiftStudy.app */;
			productType = "com.apple.product-type.application";
		};
/* End PBXNativeTarget section */

/* Begin PBXProject section */
		28FD352828AE13B8001B6AB6 /* Project object */ = {
			isa = PBXProject;
			attributes = {
				BuildIndependentTargetsInParallel = 1;
				LastSwiftUpdateCheck = 1340;
				LastUpgradeCheck = 1340;
				TargetAttributes = {
					28FD352F28AE13B8001B6AB6 = {
						CreatedOnToolsVersion = 13.4.1;
					};
				};
			};
			buildConfigurationList = 28FD352B28AE13B8001B6AB6 /* Build configuration list for PBXProject "RxSwiftStudy" */;
			compatibilityVersion = "Xcode 13.0";
			developmentRegion = en;
			hasScannedForEncodings = 0;
			knownRegions = (
				en,
				Base,
			);
			mainGroup = 28FD352728AE13B8001B6AB6;
			productRefGroup = 28FD353128AE13B8001B6AB6 /* Products */;
			projectDirPath = "";
			projectRoot = "";
			targets = (
				28FD352F28AE13B8001B6AB6 /* RxSwiftStudy */,
			);
		};
/* End PBXProject section */

/* Begin PBXResourcesBuildPhase section */
		28FD352E28AE13B8001B6AB6 /* Resources */ = {
			isa = PBXResourcesBuildPhase;
			buildActionMask = 2147483647;
			files = (
				28FD354028AE13BA001B6AB6 /* LaunchScreen.storyboard in Resources */,
				28FD353D28AE13BA001B6AB6 /* Assets.xcassets in Resources */,
				28FD353B28AE13B8001B6AB6 /* Main.storyboard in Resources */,
			);
			runOnlyForDeploymentPostprocessing = 0;
		};
/* End PBXResourcesBuildPhase section */

/* Begin PBXSourcesBuildPhase section */
		28FD352C28AE13B8001B6AB6 /* Sources */ = {
			isa = PBXSourcesBuildPhase;
			buildActionMask = 2147483647;
			files = (
				28FD355C28AE13DA001B6AB6 /* ObserverType.swift in Sources */,
				28FD357428AF7D6E001B6AB6 /* CurrentThreadScheduler.swift in Sources */,
				28FD353828AE13B8001B6AB6 /* ViewController.swift in Sources */,
				28FD356E28AF3E78001B6AB6 /* Rx.swift in Sources */,
				281FE85128B869EF00110749 /* RxMutableBox.swift in Sources */,
				28FD355528AE13DA001B6AB6 /* Disposables.swift in Sources */,
				28FD356328AE498F001B6AB6 /* AnonymousObserver.swift in Sources */,
				28FD353428AE13B8001B6AB6 /* AppDelegate.swift in Sources */,
				28FD357028AF3EDF001B6AB6 /* ObservableType+Extenstions.swift in Sources */,
				28FD355428AE13DA001B6AB6 /* Producer.swift in Sources */,
				281FE85928B86F0400110749 /* InvocableType.swift in Sources */,
				28FD355928AE13DA001B6AB6 /* ObservableType.swift in Sources */,
				28FD356728AE4B2A001B6AB6 /* Cancelable.swift in Sources */,
				2811648A28B8D93A0000F453 /* AtomicInt.swift in Sources */,
				28FD356528AE49BA001B6AB6 /* ObserverBase.swift in Sources */,
				28FD355828AE13DA001B6AB6 /* Lock.swift in Sources */,
				28FD355328AE13DA001B6AB6 /* DisposeBase.swift in Sources */,
				28FD355E28AE13DA001B6AB6 /* DisposeBag.swift in Sources */,
				28FD356928AE4BC8001B6AB6 /* BinaryDisposable.swift in Sources */,
				281FE85528B86C0C00110749 /* Platform.Darwin.swift in Sources */,
				281FE85328B86A4E00110749 /* Queue.swift in Sources */,
				28FD355628AE13DA001B6AB6 /* Event.swift in Sources */,
				28FD357228AF7C9D001B6AB6 /* ImmediateSchedulerType.swift in Sources */,
				281FE85B28B89BCB00110749 /* ScheduledItem.swift in Sources */,
				28FD355B28AE13DA001B6AB6 /* AnyObserver.swift in Sources */,
				28FD356C28AF37D6001B6AB6 /* AnonymousDisposable.swift in Sources */,
				2811648C28BC64E40000F453 /* Sink.swift in Sources */,
				281FE85728B86ED400110749 /* ScheduledItemType.swift in Sources */,
				28FD355D28AE13DA001B6AB6 /* Observable.swift in Sources */,
				28FD355A28AE13DA001B6AB6 /* Disposable.swift in Sources */,
				28FD355728AE13DA001B6AB6 /* ObservableConvertibleType.swift in Sources */,
				28FD353628AE13B8001B6AB6 /* SceneDelegate.swift in Sources */,
			);
			runOnlyForDeploymentPostprocessing = 0;
		};
/* End PBXSourcesBuildPhase section */

/* Begin PBXVariantGroup section */
		28FD353928AE13B8001B6AB6 /* Main.storyboard */ = {
			isa = PBXVariantGroup;
			children = (
				28FD353A28AE13B8001B6AB6 /* Base */,
			);
			name = Main.storyboard;
			sourceTree = "<group>";
		};
		28FD353E28AE13BA001B6AB6 /* LaunchScreen.storyboard */ = {
			isa = PBXVariantGroup;
			children = (
				28FD353F28AE13BA001B6AB6 /* Base */,
			);
			name = LaunchScreen.storyboard;
			sourceTree = "<group>";
		};
/* End PBXVariantGroup section */

/* Begin XCBuildConfiguration section */
		28FD354228AE13BA001B6AB6 /* Debug */ = {
			isa = XCBuildConfiguration;
			buildSettings = {
				ALWAYS_SEARCH_USER_PATHS = NO;
				CLANG_ANALYZER_NONNULL = YES;
				CLANG_ANALYZER_NUMBER_OBJECT_CONVERSION = YES_AGGRESSIVE;
				CLANG_CXX_LANGUAGE_STANDARD = "gnu++17";
				CLANG_ENABLE_MODULES = YES;
				CLANG_ENABLE_OBJC_ARC = YES;
				CLANG_ENABLE_OBJC_WEAK = YES;
				CLANG_WARN_BLOCK_CAPTURE_AUTORELEASING = YES;
				CLANG_WARN_BOOL_CONVERSION = YES;
				CLANG_WARN_COMMA = YES;
				CLANG_WARN_CONSTANT_CONVERSION = YES;
				CLANG_WARN_DEPRECATED_OBJC_IMPLEMENTATIONS = YES;
				CLANG_WARN_DIRECT_OBJC_ISA_USAGE = YES_ERROR;
				CLANG_WARN_DOCUMENTATION_COMMENTS = YES;
				CLANG_WARN_EMPTY_BODY = YES;
				CLANG_WARN_ENUM_CONVERSION = YES;
				CLANG_WARN_INFINITE_RECURSION = YES;
				CLANG_WARN_INT_CONVERSION = YES;
				CLANG_WARN_NON_LITERAL_NULL_CONVERSION = YES;
				CLANG_WARN_OBJC_IMPLICIT_RETAIN_SELF = YES;
				CLANG_WARN_OBJC_LITERAL_CONVERSION = YES;
				CLANG_WARN_OBJC_ROOT_CLASS = YES_ERROR;
				CLANG_WARN_QUOTED_INCLUDE_IN_FRAMEWORK_HEADER = YES;
				CLANG_WARN_RANGE_LOOP_ANALYSIS = YES;
				CLANG_WARN_STRICT_PROTOTYPES = YES;
				CLANG_WARN_SUSPICIOUS_MOVE = YES;
				CLANG_WARN_UNGUARDED_AVAILABILITY = YES_AGGRESSIVE;
				CLANG_WARN_UNREACHABLE_CODE = YES;
				CLANG_WARN__DUPLICATE_METHOD_MATCH = YES;
				COPY_PHASE_STRIP = NO;
				DEBUG_INFORMATION_FORMAT = dwarf;
				ENABLE_STRICT_OBJC_MSGSEND = YES;
				ENABLE_TESTABILITY = YES;
				GCC_C_LANGUAGE_STANDARD = gnu11;
				GCC_DYNAMIC_NO_PIC = NO;
				GCC_NO_COMMON_BLOCKS = YES;
				GCC_OPTIMIZATION_LEVEL = 0;
				GCC_PREPROCESSOR_DEFINITIONS = (
					"DEBUG=1",
					"$(inherited)",
				);
				GCC_WARN_64_TO_32_BIT_CONVERSION = YES;
				GCC_WARN_ABOUT_RETURN_TYPE = YES_ERROR;
				GCC_WARN_UNDECLARED_SELECTOR = YES;
				GCC_WARN_UNINITIALIZED_AUTOS = YES_AGGRESSIVE;
				GCC_WARN_UNUSED_FUNCTION = YES;
				GCC_WARN_UNUSED_VARIABLE = YES;
				IPHONEOS_DEPLOYMENT_TARGET = 15.5;
				MTL_ENABLE_DEBUG_INFO = INCLUDE_SOURCE;
				MTL_FAST_MATH = YES;
				ONLY_ACTIVE_ARCH = YES;
				SDKROOT = iphoneos;
				SWIFT_ACTIVE_COMPILATION_CONDITIONS = DEBUG;
				SWIFT_OPTIMIZATION_LEVEL = "-Onone";
			};
			name = Debug;
		};
		28FD354328AE13BA001B6AB6 /* Release */ = {
			isa = XCBuildConfiguration;
			buildSettings = {
				ALWAYS_SEARCH_USER_PATHS = NO;
				CLANG_ANALYZER_NONNULL = YES;
				CLANG_ANALYZER_NUMBER_OBJECT_CONVERSION = YES_AGGRESSIVE;
				CLANG_CXX_LANGUAGE_STANDARD = "gnu++17";
				CLANG_ENABLE_MODULES = YES;
				CLANG_ENABLE_OBJC_ARC = YES;
				CLANG_ENABLE_OBJC_WEAK = YES;
				CLANG_WARN_BLOCK_CAPTURE_AUTORELEASING = YES;
				CLANG_WARN_BOOL_CONVERSION = YES;
				CLANG_WARN_COMMA = YES;
				CLANG_WARN_CONSTANT_CONVERSION = YES;
				CLANG_WARN_DEPRECATED_OBJC_IMPLEMENTATIONS = YES;
				CLANG_WARN_DIRECT_OBJC_ISA_USAGE = YES_ERROR;
				CLANG_WARN_DOCUMENTATION_COMMENTS = YES;
				CLANG_WARN_EMPTY_BODY = YES;
				CLANG_WARN_ENUM_CONVERSION = YES;
				CLANG_WARN_INFINITE_RECURSION = YES;
				CLANG_WARN_INT_CONVERSION = YES;
				CLANG_WARN_NON_LITERAL_NULL_CONVERSION = YES;
				CLANG_WARN_OBJC_IMPLICIT_RETAIN_SELF = YES;
				CLANG_WARN_OBJC_LITERAL_CONVERSION = YES;
				CLANG_WARN_OBJC_ROOT_CLASS = YES_ERROR;
				CLANG_WARN_QUOTED_INCLUDE_IN_FRAMEWORK_HEADER = YES;
				CLANG_WARN_RANGE_LOOP_ANALYSIS = YES;
				CLANG_WARN_STRICT_PROTOTYPES = YES;
				CLANG_WARN_SUSPICIOUS_MOVE = YES;
				CLANG_WARN_UNGUARDED_AVAILABILITY = YES_AGGRESSIVE;
				CLANG_WARN_UNREACHABLE_CODE = YES;
				CLANG_WARN__DUPLICATE_METHOD_MATCH = YES;
				COPY_PHASE_STRIP = NO;
				DEBUG_INFORMATION_FORMAT = "dwarf-with-dsym";
				ENABLE_NS_ASSERTIONS = NO;
				ENABLE_STRICT_OBJC_MSGSEND = YES;
				GCC_C_LANGUAGE_STANDARD = gnu11;
				GCC_NO_COMMON_BLOCKS = YES;
				GCC_WARN_64_TO_32_BIT_CONVERSION = YES;
				GCC_WARN_ABOUT_RETURN_TYPE = YES_ERROR;
				GCC_WARN_UNDECLARED_SELECTOR = YES;
				GCC_WARN_UNINITIALIZED_AUTOS = YES_AGGRESSIVE;
				GCC_WARN_UNUSED_FUNCTION = YES;
				GCC_WARN_UNUSED_VARIABLE = YES;
				IPHONEOS_DEPLOYMENT_TARGET = 15.5;
				MTL_ENABLE_DEBUG_INFO = NO;
				MTL_FAST_MATH = YES;
				SDKROOT = iphoneos;
				SWIFT_COMPILATION_MODE = wholemodule;
				SWIFT_OPTIMIZATION_LEVEL = "-O";
				VALIDATE_PRODUCT = YES;
			};
			name = Release;
		};
		28FD354528AE13BA001B6AB6 /* Debug */ = {
			isa = XCBuildConfiguration;
			buildSettings = {
				ASSETCATALOG_COMPILER_APPICON_NAME = AppIcon;
				ASSETCATALOG_COMPILER_GLOBAL_ACCENT_COLOR_NAME = AccentColor;
				CODE_SIGN_STYLE = Automatic;
				CURRENT_PROJECT_VERSION = 1;
				GENERATE_INFOPLIST_FILE = YES;
				INFOPLIST_FILE = RxSwiftStudy/Info.plist;
				INFOPLIST_KEY_UIApplicationSupportsIndirectInputEvents = YES;
				INFOPLIST_KEY_UILaunchStoryboardName = LaunchScreen;
				INFOPLIST_KEY_UIMainStoryboardFile = Main;
				INFOPLIST_KEY_UISupportedInterfaceOrientations_iPad = "UIInterfaceOrientationPortrait UIInterfaceOrientationPortraitUpsideDown UIInterfaceOrientationLandscapeLeft UIInterfaceOrientationLandscapeRight";
				INFOPLIST_KEY_UISupportedInterfaceOrientations_iPhone = "UIInterfaceOrientationPortrait UIInterfaceOrientationLandscapeLeft UIInterfaceOrientationLandscapeRight";
				LD_RUNPATH_SEARCH_PATHS = (
					"$(inherited)",
					"@executable_path/Frameworks",
				);
				MARKETING_VERSION = 1.0;
				PRODUCT_BUNDLE_IDENTIFIER = com.RxSwiftStudy;
				PRODUCT_NAME = "$(TARGET_NAME)";
				SWIFT_EMIT_LOC_STRINGS = YES;
				SWIFT_VERSION = 5.0;
				TARGETED_DEVICE_FAMILY = "1,2";
			};
			name = Debug;
		};
		28FD354628AE13BA001B6AB6 /* Release */ = {
			isa = XCBuildConfiguration;
			buildSettings = {
				ASSETCATALOG_COMPILER_APPICON_NAME = AppIcon;
				ASSETCATALOG_COMPILER_GLOBAL_ACCENT_COLOR_NAME = AccentColor;
				CODE_SIGN_STYLE = Automatic;
				CURRENT_PROJECT_VERSION = 1;
				GENERATE_INFOPLIST_FILE = YES;
				INFOPLIST_FILE = RxSwiftStudy/Info.plist;
				INFOPLIST_KEY_UIApplicationSupportsIndirectInputEvents = YES;
				INFOPLIST_KEY_UILaunchStoryboardName = LaunchScreen;
				INFOPLIST_KEY_UIMainStoryboardFile = Main;
				INFOPLIST_KEY_UISupportedInterfaceOrientations_iPad = "UIInterfaceOrientationPortrait UIInterfaceOrientationPortraitUpsideDown UIInterfaceOrientationLandscapeLeft UIInterfaceOrientationLandscapeRight";
				INFOPLIST_KEY_UISupportedInterfaceOrientations_iPhone = "UIInterfaceOrientationPortrait UIInterfaceOrientationLandscapeLeft UIInterfaceOrientationLandscapeRight";
				LD_RUNPATH_SEARCH_PATHS = (
					"$(inherited)",
					"@executable_path/Frameworks",
				);
				MARKETING_VERSION = 1.0;
				PRODUCT_BUNDLE_IDENTIFIER = com.RxSwiftStudy;
				PRODUCT_NAME = "$(TARGET_NAME)";
				SWIFT_EMIT_LOC_STRINGS = YES;
				SWIFT_VERSION = 5.0;
				TARGETED_DEVICE_FAMILY = "1,2";
			};
			name = Release;
		};
/* End XCBuildConfiguration section */

/* Begin XCConfigurationList section */
		28FD352B28AE13B8001B6AB6 /* Build configuration list for PBXProject "RxSwiftStudy" */ = {
			isa = XCConfigurationList;
			buildConfigurations = (
				28FD354228AE13BA001B6AB6 /* Debug */,
				28FD354328AE13BA001B6AB6 /* Release */,
			);
			defaultConfigurationIsVisible = 0;
			defaultConfigurationName = Release;
		};
		28FD354428AE13BA001B6AB6 /* Build configuration list for PBXNativeTarget "RxSwiftStudy" */ = {
			isa = XCConfigurationList;
			buildConfigurations = (
				28FD354528AE13BA001B6AB6 /* Debug */,
				28FD354628AE13BA001B6AB6 /* Release */,
			);
			defaultConfigurationIsVisible = 0;
			defaultConfigurationName = Release;
		};
/* End XCConfigurationList section */
	};
	rootObject = 28FD352828AE13B8001B6AB6 /* Project object */;
}
